// !$*UTF8*$!
{
	archiveVersion = 1;
	classes = {
	};
	objectVersion = 56;
	objects = {

/* Begin PBXBuildFile section */
		DED7BBD62A7364BE001EE439 /* AppDelegate.swift in Sources */ = {isa = PBXBuildFile; fileRef = DED7BBD52A7364BE001EE439 /* AppDelegate.swift */; };
		DED7BBD82A7364BE001EE439 /* SceneDelegate.swift in Sources */ = {isa = PBXBuildFile; fileRef = DED7BBD72A7364BE001EE439 /* SceneDelegate.swift */; };
		DED7BBDA2A7364BE001EE439 /* RandomUserViewController.swift in Sources */ = {isa = PBXBuildFile; fileRef = DED7BBD92A7364BE001EE439 /* RandomUserViewController.swift */; };
		DED7BBDF2A7364C0001EE439 /* Assets.xcassets in Resources */ = {isa = PBXBuildFile; fileRef = DED7BBDE2A7364C0001EE439 /* Assets.xcassets */; };
		DED7BBE22A7364C0001EE439 /* LaunchScreen.storyboard in Resources */ = {isa = PBXBuildFile; fileRef = DED7BBE02A7364C0001EE439 /* LaunchScreen.storyboard */; };
		DED7BBF72A7364C1001EE439 /* randomUserUITests.swift in Sources */ = {isa = PBXBuildFile; fileRef = DED7BBF62A7364C1001EE439 /* randomUserUITests.swift */; };
		DED7BBF92A7364C1001EE439 /* randomUserUITestsLaunchTests.swift in Sources */ = {isa = PBXBuildFile; fileRef = DED7BBF82A7364C1001EE439 /* randomUserUITestsLaunchTests.swift */; };
		DED7BC0B2A73698B001EE439 /* Coordinator.swift in Sources */ = {isa = PBXBuildFile; fileRef = DED7BC0A2A73698B001EE439 /* Coordinator.swift */; };
		DED7BC0D2A7369A4001EE439 /* AppCoordinator.swift in Sources */ = {isa = PBXBuildFile; fileRef = DED7BC0C2A7369A4001EE439 /* AppCoordinator.swift */; };
		DED7BC102A7431A4001EE439 /* WebService.swift in Sources */ = {isa = PBXBuildFile; fileRef = DED7BC0F2A7431A4001EE439 /* WebService.swift */; };
		DED7BC132A74351B001EE439 /* RandomUserViewModel.swift in Sources */ = {isa = PBXBuildFile; fileRef = DED7BC122A74351B001EE439 /* RandomUserViewModel.swift */; };
		DED7BC142A74351B001EE439 /* RandomUserViewModel.swift in Sources */ = {isa = PBXBuildFile; fileRef = DED7BC122A74351B001EE439 /* RandomUserViewModel.swift */; };
		DED7BC162A7716BE001EE439 /* RandomUser.swift in Sources */ = {isa = PBXBuildFile; fileRef = DED7BC152A7716BE001EE439 /* RandomUser.swift */; };
		DED7BC172A7716BE001EE439 /* RandomUser.swift in Sources */ = {isa = PBXBuildFile; fileRef = DED7BC152A7716BE001EE439 /* RandomUser.swift */; };
		DED7BC192A77177E001EE439 /* Name.swift in Sources */ = {isa = PBXBuildFile; fileRef = DED7BC182A77177E001EE439 /* Name.swift */; };
		DED7BC1A2A77177E001EE439 /* Name.swift in Sources */ = {isa = PBXBuildFile; fileRef = DED7BC182A77177E001EE439 /* Name.swift */; };
		DED7BC1C2A771799001EE439 /* Coordinates.swift in Sources */ = {isa = PBXBuildFile; fileRef = DED7BC1B2A771799001EE439 /* Coordinates.swift */; };
		DED7BC1D2A771799001EE439 /* Coordinates.swift in Sources */ = {isa = PBXBuildFile; fileRef = DED7BC1B2A771799001EE439 /* Coordinates.swift */; };
		DED7BC1F2A7717EB001EE439 /* Picture.swift in Sources */ = {isa = PBXBuildFile; fileRef = DED7BC1E2A7717EB001EE439 /* Picture.swift */; };
		DED7BC202A7717EB001EE439 /* Picture.swift in Sources */ = {isa = PBXBuildFile; fileRef = DED7BC1E2A7717EB001EE439 /* Picture.swift */; };
		DED7BC222A7738E6001EE439 /* Factory.swift in Sources */ = {isa = PBXBuildFile; fileRef = DED7BC212A7738E6001EE439 /* Factory.swift */; };
		DED7BC232A783CAE001EE439 /* WebService.swift in Sources */ = {isa = PBXBuildFile; fileRef = DED7BC0F2A7431A4001EE439 /* WebService.swift */; };
		DED7BC252A7842C7001EE439 /* Location.swift in Sources */ = {isa = PBXBuildFile; fileRef = DED7BC242A7842C7001EE439 /* Location.swift */; };
		DED7BC282A78546C001EE439 /* SDWebImage in Frameworks */ = {isa = PBXBuildFile; productRef = DED7BC272A78546C001EE439 /* SDWebImage */; };
		DED7BC2B2A7854A3001EE439 /* WebServiceMock.swift in Sources */ = {isa = PBXBuildFile; fileRef = DED7BC2A2A7854A3001EE439 /* WebServiceMock.swift */; };
		DED7BC2C2A78553D001EE439 /* Location.swift in Sources */ = {isa = PBXBuildFile; fileRef = DED7BC242A7842C7001EE439 /* Location.swift */; };
		DED7BC2F2A785647001EE439 /* RandomUserViewModelTest.swift in Sources */ = {isa = PBXBuildFile; fileRef = DED7BC2E2A785647001EE439 /* RandomUserViewModelTest.swift */; };
		DED7BC312A7861FA001EE439 /* RandomUserCoordinator.swift in Sources */ = {isa = PBXBuildFile; fileRef = DED7BC302A7861FA001EE439 /* RandomUserCoordinator.swift */; };
		DED7BC332A7886D0001EE439 /* MapsViewController.swift in Sources */ = {isa = PBXBuildFile; fileRef = DED7BC322A7886D0001EE439 /* MapsViewController.swift */; };
		DED7BC352A7886DE001EE439 /* MapsCoordinator.swift in Sources */ = {isa = PBXBuildFile; fileRef = DED7BC342A7886DE001EE439 /* MapsCoordinator.swift */; };
		DED7BC372A7886EE001EE439 /* MapsViewModel.swift in Sources */ = {isa = PBXBuildFile; fileRef = DED7BC362A7886EE001EE439 /* MapsViewModel.swift */; };
		DED7BC382A7886EE001EE439 /* MapsViewModel.swift in Sources */ = {isa = PBXBuildFile; fileRef = DED7BC362A7886EE001EE439 /* MapsViewModel.swift */; };
		DED7BC3B2A789509001EE439 /* RxCocoa in Frameworks */ = {isa = PBXBuildFile; productRef = DED7BC3A2A789509001EE439 /* RxCocoa */; };
		DED7BC3D2A789509001EE439 /* RxSwift in Frameworks */ = {isa = PBXBuildFile; productRef = DED7BC3C2A789509001EE439 /* RxSwift */; };
/* End PBXBuildFile section */

/* Begin PBXContainerItemProxy section */
		DED7BBE92A7364C1001EE439 /* PBXContainerItemProxy */ = {
			isa = PBXContainerItemProxy;
			containerPortal = DED7BBCA2A7364BE001EE439 /* Project object */;
			proxyType = 1;
			remoteGlobalIDString = DED7BBD12A7364BE001EE439;
			remoteInfo = randomUser;
		};
		DED7BBF32A7364C1001EE439 /* PBXContainerItemProxy */ = {
			isa = PBXContainerItemProxy;
			containerPortal = DED7BBCA2A7364BE001EE439 /* Project object */;
			proxyType = 1;
			remoteGlobalIDString = DED7BBD12A7364BE001EE439;
			remoteInfo = randomUser;
		};
/* End PBXContainerItemProxy section */

/* Begin PBXFileReference section */
		DED7BBD22A7364BE001EE439 /* randomUser.app */ = {isa = PBXFileReference; explicitFileType = wrapper.application; includeInIndex = 0; path = randomUser.app; sourceTree = BUILT_PRODUCTS_DIR; };
		DED7BBD52A7364BE001EE439 /* AppDelegate.swift */ = {isa = PBXFileReference; lastKnownFileType = sourcecode.swift; path = AppDelegate.swift; sourceTree = "<group>"; };
		DED7BBD72A7364BE001EE439 /* SceneDelegate.swift */ = {isa = PBXFileReference; lastKnownFileType = sourcecode.swift; path = SceneDelegate.swift; sourceTree = "<group>"; };
		DED7BBD92A7364BE001EE439 /* RandomUserViewController.swift */ = {isa = PBXFileReference; lastKnownFileType = sourcecode.swift; path = RandomUserViewController.swift; sourceTree = "<group>"; };
		DED7BBDE2A7364C0001EE439 /* Assets.xcassets */ = {isa = PBXFileReference; lastKnownFileType = folder.assetcatalog; path = Assets.xcassets; sourceTree = "<group>"; };
		DED7BBE12A7364C0001EE439 /* Base */ = {isa = PBXFileReference; lastKnownFileType = file.storyboard; name = Base; path = Base.lproj/LaunchScreen.storyboard; sourceTree = "<group>"; };
		DED7BBE32A7364C0001EE439 /* Info.plist */ = {isa = PBXFileReference; lastKnownFileType = text.plist.xml; path = Info.plist; sourceTree = "<group>"; };
		DED7BBE82A7364C1001EE439 /* randomUserTests.xctest */ = {isa = PBXFileReference; explicitFileType = wrapper.cfbundle; includeInIndex = 0; path = randomUserTests.xctest; sourceTree = BUILT_PRODUCTS_DIR; };
		DED7BBF22A7364C1001EE439 /* randomUserUITests.xctest */ = {isa = PBXFileReference; explicitFileType = wrapper.cfbundle; includeInIndex = 0; path = randomUserUITests.xctest; sourceTree = BUILT_PRODUCTS_DIR; };
		DED7BBF62A7364C1001EE439 /* randomUserUITests.swift */ = {isa = PBXFileReference; lastKnownFileType = sourcecode.swift; path = randomUserUITests.swift; sourceTree = "<group>"; };
		DED7BBF82A7364C1001EE439 /* randomUserUITestsLaunchTests.swift */ = {isa = PBXFileReference; lastKnownFileType = sourcecode.swift; path = randomUserUITestsLaunchTests.swift; sourceTree = "<group>"; };
		DED7BC0A2A73698B001EE439 /* Coordinator.swift */ = {isa = PBXFileReference; lastKnownFileType = sourcecode.swift; path = Coordinator.swift; sourceTree = "<group>"; };
		DED7BC0C2A7369A4001EE439 /* AppCoordinator.swift */ = {isa = PBXFileReference; lastKnownFileType = sourcecode.swift; path = AppCoordinator.swift; sourceTree = "<group>"; };
		DED7BC0F2A7431A4001EE439 /* WebService.swift */ = {isa = PBXFileReference; lastKnownFileType = sourcecode.swift; path = WebService.swift; sourceTree = "<group>"; };
		DED7BC122A74351B001EE439 /* RandomUserViewModel.swift */ = {isa = PBXFileReference; lastKnownFileType = sourcecode.swift; path = RandomUserViewModel.swift; sourceTree = "<group>"; };
		DED7BC152A7716BE001EE439 /* RandomUser.swift */ = {isa = PBXFileReference; lastKnownFileType = sourcecode.swift; path = RandomUser.swift; sourceTree = "<group>"; };
		DED7BC182A77177E001EE439 /* Name.swift */ = {isa = PBXFileReference; lastKnownFileType = sourcecode.swift; path = Name.swift; sourceTree = "<group>"; };
		DED7BC1B2A771799001EE439 /* Coordinates.swift */ = {isa = PBXFileReference; lastKnownFileType = sourcecode.swift; path = Coordinates.swift; sourceTree = "<group>"; };
		DED7BC1E2A7717EB001EE439 /* Picture.swift */ = {isa = PBXFileReference; lastKnownFileType = sourcecode.swift; path = Picture.swift; sourceTree = "<group>"; };
		DED7BC212A7738E6001EE439 /* Factory.swift */ = {isa = PBXFileReference; lastKnownFileType = sourcecode.swift; path = Factory.swift; sourceTree = "<group>"; };
		DED7BC242A7842C7001EE439 /* Location.swift */ = {isa = PBXFileReference; lastKnownFileType = sourcecode.swift; path = Location.swift; sourceTree = "<group>"; };
		DED7BC2A2A7854A3001EE439 /* WebServiceMock.swift */ = {isa = PBXFileReference; lastKnownFileType = sourcecode.swift; path = WebServiceMock.swift; sourceTree = "<group>"; };
		DED7BC2E2A785647001EE439 /* RandomUserViewModelTest.swift */ = {isa = PBXFileReference; lastKnownFileType = sourcecode.swift; path = RandomUserViewModelTest.swift; sourceTree = "<group>"; };
		DED7BC302A7861FA001EE439 /* RandomUserCoordinator.swift */ = {isa = PBXFileReference; lastKnownFileType = sourcecode.swift; path = RandomUserCoordinator.swift; sourceTree = "<group>"; };
		DED7BC322A7886D0001EE439 /* MapsViewController.swift */ = {isa = PBXFileReference; lastKnownFileType = sourcecode.swift; path = MapsViewController.swift; sourceTree = "<group>"; };
		DED7BC342A7886DE001EE439 /* MapsCoordinator.swift */ = {isa = PBXFileReference; lastKnownFileType = sourcecode.swift; path = MapsCoordinator.swift; sourceTree = "<group>"; };
		DED7BC362A7886EE001EE439 /* MapsViewModel.swift */ = {isa = PBXFileReference; lastKnownFileType = sourcecode.swift; path = MapsViewModel.swift; sourceTree = "<group>"; };
/* End PBXFileReference section */

/* Begin PBXFrameworksBuildPhase section */
		DED7BBCF2A7364BE001EE439 /* Frameworks */ = {
			isa = PBXFrameworksBuildPhase;
			buildActionMask = 2147483647;
			files = (
				DED7BC3D2A789509001EE439 /* RxSwift in Frameworks */,
				DED7BC3B2A789509001EE439 /* RxCocoa in Frameworks */,
				DED7BC282A78546C001EE439 /* SDWebImage in Frameworks */,
			);
			runOnlyForDeploymentPostprocessing = 0;
		};
		DED7BBE52A7364C1001EE439 /* Frameworks */ = {
			isa = PBXFrameworksBuildPhase;
			buildActionMask = 2147483647;
			files = (
			);
			runOnlyForDeploymentPostprocessing = 0;
		};
		DED7BBEF2A7364C1001EE439 /* Frameworks */ = {
			isa = PBXFrameworksBuildPhase;
			buildActionMask = 2147483647;
			files = (
			);
			runOnlyForDeploymentPostprocessing = 0;
		};
/* End PBXFrameworksBuildPhase section */

/* Begin PBXGroup section */
		DED7BBC92A7364BE001EE439 = {
			isa = PBXGroup;
			children = (
				DED7BBD42A7364BE001EE439 /* randomUser */,
				DED7BBEB2A7364C1001EE439 /* randomUserTests */,
				DED7BBF52A7364C1001EE439 /* randomUserUITests */,
				DED7BBD32A7364BE001EE439 /* Products */,
			);
			sourceTree = "<group>";
		};
		DED7BBD32A7364BE001EE439 /* Products */ = {
			isa = PBXGroup;
			children = (
				DED7BBD22A7364BE001EE439 /* randomUser.app */,
				DED7BBE82A7364C1001EE439 /* randomUserTests.xctest */,
				DED7BBF22A7364C1001EE439 /* randomUserUITests.xctest */,
			);
			name = Products;
			sourceTree = "<group>";
		};
		DED7BBD42A7364BE001EE439 /* randomUser */ = {
			isa = PBXGroup;
			children = (
				DED7BC112A7431C6001EE439 /* SystemDelegates */,
				DED7BC0E2A743194001EE439 /* Utilities */,
				DED7BC092A736899001EE439 /* Models */,
				DED7BC082A736884001EE439 /* Resources */,
				DED7BC072A736874001EE439 /* ViewModels */,
				DED7BC062A736868001EE439 /* Views */,
				DED7BC052A73682A001EE439 /* Coordinator */,
				DED7BBE32A7364C0001EE439 /* Info.plist */,
			);
			path = randomUser;
			sourceTree = "<group>";
		};
		DED7BBEB2A7364C1001EE439 /* randomUserTests */ = {
			isa = PBXGroup;
			children = (
				DED7BC2D2A78561E001EE439 /* Tests */,
				DED7BC292A785484001EE439 /* Mocks */,
			);
			path = randomUserTests;
			sourceTree = "<group>";
		};
		DED7BBF52A7364C1001EE439 /* randomUserUITests */ = {
			isa = PBXGroup;
			children = (
				DED7BBF62A7364C1001EE439 /* randomUserUITests.swift */,
				DED7BBF82A7364C1001EE439 /* randomUserUITestsLaunchTests.swift */,
			);
			path = randomUserUITests;
			sourceTree = "<group>";
		};
		DED7BC052A73682A001EE439 /* Coordinator */ = {
			isa = PBXGroup;
			children = (
				DED7BC0A2A73698B001EE439 /* Coordinator.swift */,
				DED7BC0C2A7369A4001EE439 /* AppCoordinator.swift */,
				DED7BC302A7861FA001EE439 /* RandomUserCoordinator.swift */,
				DED7BC342A7886DE001EE439 /* MapsCoordinator.swift */,
			);
			path = Coordinator;
			sourceTree = "<group>";
		};
		DED7BC062A736868001EE439 /* Views */ = {
			isa = PBXGroup;
			children = (
				DED7BBD92A7364BE001EE439 /* RandomUserViewController.swift */,
				DED7BC322A7886D0001EE439 /* MapsViewController.swift */,
			);
			path = Views;
			sourceTree = "<group>";
		};
		DED7BC072A736874001EE439 /* ViewModels */ = {
			isa = PBXGroup;
			children = (
				DED7BC122A74351B001EE439 /* RandomUserViewModel.swift */,
				DED7BC362A7886EE001EE439 /* MapsViewModel.swift */,
			);
			path = ViewModels;
			sourceTree = "<group>";
		};
		DED7BC082A736884001EE439 /* Resources */ = {
			isa = PBXGroup;
			children = (
				DED7BBDE2A7364C0001EE439 /* Assets.xcassets */,
				DED7BBE02A7364C0001EE439 /* LaunchScreen.storyboard */,
			);
			path = Resources;
			sourceTree = "<group>";
		};
		DED7BC092A736899001EE439 /* Models */ = {
			isa = PBXGroup;
			children = (
				DED7BC152A7716BE001EE439 /* RandomUser.swift */,
				DED7BC182A77177E001EE439 /* Name.swift */,
				DED7BC1B2A771799001EE439 /* Coordinates.swift */,
				DED7BC1E2A7717EB001EE439 /* Picture.swift */,
				DED7BC242A7842C7001EE439 /* Location.swift */,
			);
			path = Models;
			sourceTree = "<group>";
		};
		DED7BC0E2A743194001EE439 /* Utilities */ = {
			isa = PBXGroup;
			children = (
				DED7BC0F2A7431A4001EE439 /* WebService.swift */,
				DED7BC212A7738E6001EE439 /* Factory.swift */,
			);
			path = Utilities;
			sourceTree = "<group>";
		};
		DED7BC112A7431C6001EE439 /* SystemDelegates */ = {
			isa = PBXGroup;
			children = (
				DED7BBD52A7364BE001EE439 /* AppDelegate.swift */,
				DED7BBD72A7364BE001EE439 /* SceneDelegate.swift */,
			);
			path = SystemDelegates;
			sourceTree = "<group>";
		};
		DED7BC292A785484001EE439 /* Mocks */ = {
			isa = PBXGroup;
			children = (
				DED7BC2A2A7854A3001EE439 /* WebServiceMock.swift */,
			);
			path = Mocks;
			sourceTree = "<group>";
		};
		DED7BC2D2A78561E001EE439 /* Tests */ = {
			isa = PBXGroup;
			children = (
				DED7BC2E2A785647001EE439 /* RandomUserViewModelTest.swift */,
			);
			path = Tests;
			sourceTree = "<group>";
		};
/* End PBXGroup section */

/* Begin PBXNativeTarget section */
		DED7BBD12A7364BE001EE439 /* randomUser */ = {
			isa = PBXNativeTarget;
			buildConfigurationList = DED7BBFC2A7364C1001EE439 /* Build configuration list for PBXNativeTarget "randomUser" */;
			buildPhases = (
				DED7BBCE2A7364BE001EE439 /* Sources */,
				DED7BBCF2A7364BE001EE439 /* Frameworks */,
				DED7BBD02A7364BE001EE439 /* Resources */,
			);
			buildRules = (
			);
			dependencies = (
			);
			name = randomUser;
			packageProductDependencies = (
				DED7BC272A78546C001EE439 /* SDWebImage */,
				DED7BC3A2A789509001EE439 /* RxCocoa */,
				DED7BC3C2A789509001EE439 /* RxSwift */,
			);
			productName = randomUser;
			productReference = DED7BBD22A7364BE001EE439 /* randomUser.app */;
			productType = "com.apple.product-type.application";
		};
		DED7BBE72A7364C1001EE439 /* randomUserTests */ = {
			isa = PBXNativeTarget;
			buildConfigurationList = DED7BBFF2A7364C1001EE439 /* Build configuration list for PBXNativeTarget "randomUserTests" */;
			buildPhases = (
				DED7BBE42A7364C1001EE439 /* Sources */,
				DED7BBE52A7364C1001EE439 /* Frameworks */,
				DED7BBE62A7364C1001EE439 /* Resources */,
			);
			buildRules = (
			);
			dependencies = (
				DED7BBEA2A7364C1001EE439 /* PBXTargetDependency */,
			);
			name = randomUserTests;
			productName = randomUserTests;
			productReference = DED7BBE82A7364C1001EE439 /* randomUserTests.xctest */;
			productType = "com.apple.product-type.bundle.unit-test";
		};
		DED7BBF12A7364C1001EE439 /* randomUserUITests */ = {
			isa = PBXNativeTarget;
			buildConfigurationList = DED7BC022A7364C1001EE439 /* Build configuration list for PBXNativeTarget "randomUserUITests" */;
			buildPhases = (
				DED7BBEE2A7364C1001EE439 /* Sources */,
				DED7BBEF2A7364C1001EE439 /* Frameworks */,
				DED7BBF02A7364C1001EE439 /* Resources */,
			);
			buildRules = (
			);
			dependencies = (
				DED7BBF42A7364C1001EE439 /* PBXTargetDependency */,
			);
			name = randomUserUITests;
			productName = randomUserUITests;
			productReference = DED7BBF22A7364C1001EE439 /* randomUserUITests.xctest */;
			productType = "com.apple.product-type.bundle.ui-testing";
		};
/* End PBXNativeTarget section */

/* Begin PBXProject section */
		DED7BBCA2A7364BE001EE439 /* Project object */ = {
			isa = PBXProject;
			attributes = {
				BuildIndependentTargetsInParallel = 1;
				LastSwiftUpdateCheck = 1430;
				LastUpgradeCheck = 1430;
				TargetAttributes = {
					DED7BBD12A7364BE001EE439 = {
						CreatedOnToolsVersion = 14.3.1;
					};
					DED7BBE72A7364C1001EE439 = {
						CreatedOnToolsVersion = 14.3.1;
						TestTargetID = DED7BBD12A7364BE001EE439;
					};
					DED7BBF12A7364C1001EE439 = {
						CreatedOnToolsVersion = 14.3.1;
						TestTargetID = DED7BBD12A7364BE001EE439;
					};
				};
			};
			buildConfigurationList = DED7BBCD2A7364BE001EE439 /* Build configuration list for PBXProject "randomUser" */;
			compatibilityVersion = "Xcode 14.0";
			developmentRegion = en;
			hasScannedForEncodings = 0;
			knownRegions = (
				en,
				Base,
			);
			mainGroup = DED7BBC92A7364BE001EE439;
			packageReferences = (
				DED7BC262A78546C001EE439 /* XCRemoteSwiftPackageReference "SDWebImage" */,
				DED7BC392A789509001EE439 /* XCRemoteSwiftPackageReference "RxSwift" */,
			);
			productRefGroup = DED7BBD32A7364BE001EE439 /* Products */;
			projectDirPath = "";
			projectRoot = "";
			targets = (
				DED7BBD12A7364BE001EE439 /* randomUser */,
				DED7BBE72A7364C1001EE439 /* randomUserTests */,
				DED7BBF12A7364C1001EE439 /* randomUserUITests */,
			);
		};
/* End PBXProject section */

/* Begin PBXResourcesBuildPhase section */
		DED7BBD02A7364BE001EE439 /* Resources */ = {
			isa = PBXResourcesBuildPhase;
			buildActionMask = 2147483647;
			files = (
				DED7BBE22A7364C0001EE439 /* LaunchScreen.storyboard in Resources */,
				DED7BBDF2A7364C0001EE439 /* Assets.xcassets in Resources */,
			);
			runOnlyForDeploymentPostprocessing = 0;
		};
		DED7BBE62A7364C1001EE439 /* Resources */ = {
			isa = PBXResourcesBuildPhase;
			buildActionMask = 2147483647;
			files = (
			);
			runOnlyForDeploymentPostprocessing = 0;
		};
		DED7BBF02A7364C1001EE439 /* Resources */ = {
			isa = PBXResourcesBuildPhase;
			buildActionMask = 2147483647;
			files = (
			);
			runOnlyForDeploymentPostprocessing = 0;
		};
/* End PBXResourcesBuildPhase section */

/* Begin PBXSourcesBuildPhase section */
		DED7BBCE2A7364BE001EE439 /* Sources */ = {
			isa = PBXSourcesBuildPhase;
			buildActionMask = 2147483647;
			files = (
				DED7BC332A7886D0001EE439 /* MapsViewController.swift in Sources */,
				DED7BC102A7431A4001EE439 /* WebService.swift in Sources */,
				DED7BC0B2A73698B001EE439 /* Coordinator.swift in Sources */,
				DED7BBDA2A7364BE001EE439 /* RandomUserViewController.swift in Sources */,
				DED7BC1F2A7717EB001EE439 /* Picture.swift in Sources */,
				DED7BC352A7886DE001EE439 /* MapsCoordinator.swift in Sources */,
				DED7BC162A7716BE001EE439 /* RandomUser.swift in Sources */,
				DED7BC0D2A7369A4001EE439 /* AppCoordinator.swift in Sources */,
				DED7BC252A7842C7001EE439 /* Location.swift in Sources */,
				DED7BC372A7886EE001EE439 /* MapsViewModel.swift in Sources */,
				DED7BC132A74351B001EE439 /* RandomUserViewModel.swift in Sources */,
				DED7BC312A7861FA001EE439 /* RandomUserCoordinator.swift in Sources */,
				DED7BC192A77177E001EE439 /* Name.swift in Sources */,
				DED7BC222A7738E6001EE439 /* Factory.swift in Sources */,
				DED7BBD62A7364BE001EE439 /* AppDelegate.swift in Sources */,
				DED7BBD82A7364BE001EE439 /* SceneDelegate.swift in Sources */,
				DED7BC1C2A771799001EE439 /* Coordinates.swift in Sources */,
			);
			runOnlyForDeploymentPostprocessing = 0;
		};
		DED7BBE42A7364C1001EE439 /* Sources */ = {
			isa = PBXSourcesBuildPhase;
			buildActionMask = 2147483647;
			files = (
				DED7BC2F2A785647001EE439 /* RandomUserViewModelTest.swift in Sources */,
				DED7BC382A7886EE001EE439 /* MapsViewModel.swift in Sources */,
				DED7BC2B2A7854A3001EE439 /* WebServiceMock.swift in Sources */,
				DED7BC202A7717EB001EE439 /* Picture.swift in Sources */,
				DED7BC142A74351B001EE439 /* RandomUserViewModel.swift in Sources */,
				DED7BC232A783CAE001EE439 /* WebService.swift in Sources */,
				DED7BC2C2A78553D001EE439 /* Location.swift in Sources */,
				DED7BC1A2A77177E001EE439 /* Name.swift in Sources */,
				DED7BC172A7716BE001EE439 /* RandomUser.swift in Sources */,
				DED7BC1D2A771799001EE439 /* Coordinates.swift in Sources */,
			);
			runOnlyForDeploymentPostprocessing = 0;
		};
		DED7BBEE2A7364C1001EE439 /* Sources */ = {
			isa = PBXSourcesBuildPhase;
			buildActionMask = 2147483647;
			files = (
				DED7BBF92A7364C1001EE439 /* randomUserUITestsLaunchTests.swift in Sources */,
				DED7BBF72A7364C1001EE439 /* randomUserUITests.swift in Sources */,
			);
			runOnlyForDeploymentPostprocessing = 0;
		};
/* End PBXSourcesBuildPhase section */

/* Begin PBXTargetDependency section */
		DED7BBEA2A7364C1001EE439 /* PBXTargetDependency */ = {
			isa = PBXTargetDependency;
			target = DED7BBD12A7364BE001EE439 /* randomUser */;
			targetProxy = DED7BBE92A7364C1001EE439 /* PBXContainerItemProxy */;
		};
		DED7BBF42A7364C1001EE439 /* PBXTargetDependency */ = {
			isa = PBXTargetDependency;
			target = DED7BBD12A7364BE001EE439 /* randomUser */;
			targetProxy = DED7BBF32A7364C1001EE439 /* PBXContainerItemProxy */;
		};
/* End PBXTargetDependency section */

/* Begin PBXVariantGroup section */
		DED7BBE02A7364C0001EE439 /* LaunchScreen.storyboard */ = {
			isa = PBXVariantGroup;
			children = (
				DED7BBE12A7364C0001EE439 /* Base */,
			);
			name = LaunchScreen.storyboard;
			sourceTree = "<group>";
		};
/* End PBXVariantGroup section */

/* Begin XCBuildConfiguration section */
		DED7BBFA2A7364C1001EE439 /* Debug */ = {
			isa = XCBuildConfiguration;
			buildSettings = {
				ALWAYS_SEARCH_USER_PATHS = NO;
				CLANG_ANALYZER_NONNULL = YES;
				CLANG_ANALYZER_NUMBER_OBJECT_CONVERSION = YES_AGGRESSIVE;
				CLANG_CXX_LANGUAGE_STANDARD = "gnu++20";
				CLANG_ENABLE_MODULES = YES;
				CLANG_ENABLE_OBJC_ARC = YES;
				CLANG_ENABLE_OBJC_WEAK = YES;
				CLANG_WARN_BLOCK_CAPTURE_AUTORELEASING = YES;
				CLANG_WARN_BOOL_CONVERSION = YES;
				CLANG_WARN_COMMA = YES;
				CLANG_WARN_CONSTANT_CONVERSION = YES;
				CLANG_WARN_DEPRECATED_OBJC_IMPLEMENTATIONS = YES;
				CLANG_WARN_DIRECT_OBJC_ISA_USAGE = YES_ERROR;
				CLANG_WARN_DOCUMENTATION_COMMENTS = YES;
				CLANG_WARN_EMPTY_BODY = YES;
				CLANG_WARN_ENUM_CONVERSION = YES;
				CLANG_WARN_INFINITE_RECURSION = YES;
				CLANG_WARN_INT_CONVERSION = YES;
				CLANG_WARN_NON_LITERAL_NULL_CONVERSION = YES;
				CLANG_WARN_OBJC_IMPLICIT_RETAIN_SELF = YES;
				CLANG_WARN_OBJC_LITERAL_CONVERSION = YES;
				CLANG_WARN_OBJC_ROOT_CLASS = YES_ERROR;
				CLANG_WARN_QUOTED_INCLUDE_IN_FRAMEWORK_HEADER = YES;
				CLANG_WARN_RANGE_LOOP_ANALYSIS = YES;
				CLANG_WARN_STRICT_PROTOTYPES = YES;
				CLANG_WARN_SUSPICIOUS_MOVE = YES;
				CLANG_WARN_UNGUARDED_AVAILABILITY = YES_AGGRESSIVE;
				CLANG_WARN_UNREACHABLE_CODE = YES;
				CLANG_WARN__DUPLICATE_METHOD_MATCH = YES;
				COPY_PHASE_STRIP = NO;
				DEBUG_INFORMATION_FORMAT = dwarf;
				ENABLE_STRICT_OBJC_MSGSEND = YES;
				ENABLE_TESTABILITY = YES;
				GCC_C_LANGUAGE_STANDARD = gnu11;
				GCC_DYNAMIC_NO_PIC = NO;
				GCC_NO_COMMON_BLOCKS = YES;
				GCC_OPTIMIZATION_LEVEL = 0;
				GCC_PREPROCESSOR_DEFINITIONS = (
					"DEBUG=1",
					"$(inherited)",
				);
				GCC_WARN_64_TO_32_BIT_CONVERSION = YES;
				GCC_WARN_ABOUT_RETURN_TYPE = YES_ERROR;
				GCC_WARN_UNDECLARED_SELECTOR = YES;
				GCC_WARN_UNINITIALIZED_AUTOS = YES_AGGRESSIVE;
				GCC_WARN_UNUSED_FUNCTION = YES;
				GCC_WARN_UNUSED_VARIABLE = YES;
				IPHONEOS_DEPLOYMENT_TARGET = 16.4;
				MTL_ENABLE_DEBUG_INFO = INCLUDE_SOURCE;
				MTL_FAST_MATH = YES;
				ONLY_ACTIVE_ARCH = YES;
				SDKROOT = iphoneos;
				SWIFT_ACTIVE_COMPILATION_CONDITIONS = DEBUG;
				SWIFT_OPTIMIZATION_LEVEL = "-Onone";
			};
			name = Debug;
		};
		DED7BBFB2A7364C1001EE439 /* Release */ = {
			isa = XCBuildConfiguration;
			buildSettings = {
				ALWAYS_SEARCH_USER_PATHS = NO;
				CLANG_ANALYZER_NONNULL = YES;
				CLANG_ANALYZER_NUMBER_OBJECT_CONVERSION = YES_AGGRESSIVE;
				CLANG_CXX_LANGUAGE_STANDARD = "gnu++20";
				CLANG_ENABLE_MODULES = YES;
				CLANG_ENABLE_OBJC_ARC = YES;
				CLANG_ENABLE_OBJC_WEAK = YES;
				CLANG_WARN_BLOCK_CAPTURE_AUTORELEASING = YES;
				CLANG_WARN_BOOL_CONVERSION = YES;
				CLANG_WARN_COMMA = YES;
				CLANG_WARN_CONSTANT_CONVERSION = YES;
				CLANG_WARN_DEPRECATED_OBJC_IMPLEMENTATIONS = YES;
				CLANG_WARN_DIRECT_OBJC_ISA_USAGE = YES_ERROR;
				CLANG_WARN_DOCUMENTATION_COMMENTS = YES;
				CLANG_WARN_EMPTY_BODY = YES;
				CLANG_WARN_ENUM_CONVERSION = YES;
				CLANG_WARN_INFINITE_RECURSION = YES;
				CLANG_WARN_INT_CONVERSION = YES;
				CLANG_WARN_NON_LITERAL_NULL_CONVERSION = YES;
				CLANG_WARN_OBJC_IMPLICIT_RETAIN_SELF = YES;
				CLANG_WARN_OBJC_LITERAL_CONVERSION = YES;
				CLANG_WARN_OBJC_ROOT_CLASS = YES_ERROR;
				CLANG_WARN_QUOTED_INCLUDE_IN_FRAMEWORK_HEADER = YES;
				CLANG_WARN_RANGE_LOOP_ANALYSIS = YES;
				CLANG_WARN_STRICT_PROTOTYPES = YES;
				CLANG_WARN_SUSPICIOUS_MOVE = YES;
				CLANG_WARN_UNGUARDED_AVAILABILITY = YES_AGGRESSIVE;
				CLANG_WARN_UNREACHABLE_CODE = YES;
				CLANG_WARN__DUPLICATE_METHOD_MATCH = YES;
				COPY_PHASE_STRIP = NO;
				DEBUG_INFORMATION_FORMAT = "dwarf-with-dsym";
				ENABLE_NS_ASSERTIONS = NO;
				ENABLE_STRICT_OBJC_MSGSEND = YES;
				GCC_C_LANGUAGE_STANDARD = gnu11;
				GCC_NO_COMMON_BLOCKS = YES;
				GCC_WARN_64_TO_32_BIT_CONVERSION = YES;
				GCC_WARN_ABOUT_RETURN_TYPE = YES_ERROR;
				GCC_WARN_UNDECLARED_SELECTOR = YES;
				GCC_WARN_UNINITIALIZED_AUTOS = YES_AGGRESSIVE;
				GCC_WARN_UNUSED_FUNCTION = YES;
				GCC_WARN_UNUSED_VARIABLE = YES;
				IPHONEOS_DEPLOYMENT_TARGET = 16.4;
				MTL_ENABLE_DEBUG_INFO = NO;
				MTL_FAST_MATH = YES;
				SDKROOT = iphoneos;
				SWIFT_COMPILATION_MODE = wholemodule;
				SWIFT_OPTIMIZATION_LEVEL = "-O";
				VALIDATE_PRODUCT = YES;
			};
			name = Release;
		};
		DED7BBFD2A7364C1001EE439 /* Debug */ = {
			isa = XCBuildConfiguration;
			buildSettings = {
				ASSETCATALOG_COMPILER_APPICON_NAME = AppIcon;
				ASSETCATALOG_COMPILER_GLOBAL_ACCENT_COLOR_NAME = AccentColor;
				CODE_SIGN_STYLE = Automatic;
				CURRENT_PROJECT_VERSION = 1;
				DEVELOPMENT_TEAM = 5MVGTUBM8B;
				GENERATE_INFOPLIST_FILE = YES;
				INFOPLIST_FILE = randomUser/Info.plist;
				INFOPLIST_KEY_UIApplicationSupportsIndirectInputEvents = YES;
				INFOPLIST_KEY_UILaunchStoryboardName = LaunchScreen;
				INFOPLIST_KEY_UIMainStoryboardFile = "";
				INFOPLIST_KEY_UISupportedInterfaceOrientations_iPad = "UIInterfaceOrientationPortrait UIInterfaceOrientationPortraitUpsideDown UIInterfaceOrientationLandscapeLeft UIInterfaceOrientationLandscapeRight";
				INFOPLIST_KEY_UISupportedInterfaceOrientations_iPhone = "UIInterfaceOrientationPortrait UIInterfaceOrientationLandscapeLeft UIInterfaceOrientationLandscapeRight";
				LD_RUNPATH_SEARCH_PATHS = (
					"$(inherited)",
					"@executable_path/Frameworks",
				);
				MARKETING_VERSION = 1.0;
				PRODUCT_BUNDLE_IDENTIFIER = santiago.randomUser;
				PRODUCT_NAME = "$(TARGET_NAME)";
				SWIFT_EMIT_LOC_STRINGS = YES;
				SWIFT_VERSION = 5.0;
				TARGETED_DEVICE_FAMILY = "1,2";
			};
			name = Debug;
		};
		DED7BBFE2A7364C1001EE439 /* Release */ = {
			isa = XCBuildConfiguration;
			buildSettings = {
				ASSETCATALOG_COMPILER_APPICON_NAME = AppIcon;
				ASSETCATALOG_COMPILER_GLOBAL_ACCENT_COLOR_NAME = AccentColor;
				CODE_SIGN_STYLE = Automatic;
				CURRENT_PROJECT_VERSION = 1;
				DEVELOPMENT_TEAM = 5MVGTUBM8B;
				GENERATE_INFOPLIST_FILE = YES;
				INFOPLIST_FILE = randomUser/Info.plist;
				INFOPLIST_KEY_UIApplicationSupportsIndirectInputEvents = YES;
				INFOPLIST_KEY_UILaunchStoryboardName = LaunchScreen;
				INFOPLIST_KEY_UIMainStoryboardFile = "";
				INFOPLIST_KEY_UISupportedInterfaceOrientations_iPad = "UIInterfaceOrientationPortrait UIInterfaceOrientationPortraitUpsideDown UIInterfaceOrientationLandscapeLeft UIInterfaceOrientationLandscapeRight";
				INFOPLIST_KEY_UISupportedInterfaceOrientations_iPhone = "UIInterfaceOrientationPortrait UIInterfaceOrientationLandscapeLeft UIInterfaceOrientationLandscapeRight";
				LD_RUNPATH_SEARCH_PATHS = (
					"$(inherited)",
					"@executable_path/Frameworks",
				);
				MARKETING_VERSION = 1.0;
				PRODUCT_BUNDLE_IDENTIFIER = santiago.randomUser;
				PRODUCT_NAME = "$(TARGET_NAME)";
				SWIFT_EMIT_LOC_STRINGS = YES;
				SWIFT_VERSION = 5.0;
				TARGETED_DEVICE_FAMILY = "1,2";
			};
			name = Release;
		};
		DED7BC002A7364C1001EE439 /* Debug */ = {
			isa = XCBuildConfiguration;
			buildSettings = {
				ALWAYS_EMBED_SWIFT_STANDARD_LIBRARIES = YES;
				BUNDLE_LOADER = "$(TEST_HOST)";
				CODE_SIGN_STYLE = Automatic;
				CURRENT_PROJECT_VERSION = 1;
				DEVELOPMENT_TEAM = 5MVGTUBM8B;
				GENERATE_INFOPLIST_FILE = YES;
				IPHONEOS_DEPLOYMENT_TARGET = 16.4;
				MARKETING_VERSION = 1.0;
				PRODUCT_BUNDLE_IDENTIFIER = santiago.randomUserTests;
				PRODUCT_NAME = "$(TARGET_NAME)";
				SWIFT_EMIT_LOC_STRINGS = NO;
				SWIFT_VERSION = 5.0;
				TARGETED_DEVICE_FAMILY = "1,2";
				TEST_HOST = "$(BUILT_PRODUCTS_DIR)/randomUser.app/$(BUNDLE_EXECUTABLE_FOLDER_PATH)/randomUser";
			};
			name = Debug;
		};
		DED7BC012A7364C1001EE439 /* Release */ = {
			isa = XCBuildConfiguration;
			buildSettings = {
				ALWAYS_EMBED_SWIFT_STANDARD_LIBRARIES = YES;
				BUNDLE_LOADER = "$(TEST_HOST)";
				CODE_SIGN_STYLE = Automatic;
				CURRENT_PROJECT_VERSION = 1;
				DEVELOPMENT_TEAM = 5MVGTUBM8B;
				GENERATE_INFOPLIST_FILE = YES;
				IPHONEOS_DEPLOYMENT_TARGET = 16.4;
				MARKETING_VERSION = 1.0;
				PRODUCT_BUNDLE_IDENTIFIER = santiago.randomUserTests;
				PRODUCT_NAME = "$(TARGET_NAME)";
				SWIFT_EMIT_LOC_STRINGS = NO;
				SWIFT_VERSION = 5.0;
				TARGETED_DEVICE_FAMILY = "1,2";
				TEST_HOST = "$(BUILT_PRODUCTS_DIR)/randomUser.app/$(BUNDLE_EXECUTABLE_FOLDER_PATH)/randomUser";
			};
			name = Release;
		};
		DED7BC032A7364C1001EE439 /* Debug */ = {
			isa = XCBuildConfiguration;
			buildSettings = {
				ALWAYS_EMBED_SWIFT_STANDARD_LIBRARIES = YES;
				CODE_SIGN_STYLE = Automatic;
				CURRENT_PROJECT_VERSION = 1;
				DEVELOPMENT_TEAM = 5MVGTUBM8B;
				GENERATE_INFOPLIST_FILE = YES;
				MARKETING_VERSION = 1.0;
				PRODUCT_BUNDLE_IDENTIFIER = santiago.randomUserUITests;
				PRODUCT_NAME = "$(TARGET_NAME)";
				SWIFT_EMIT_LOC_STRINGS = NO;
				SWIFT_VERSION = 5.0;
				TARGETED_DEVICE_FAMILY = "1,2";
				TEST_TARGET_NAME = randomUser;
			};
			name = Debug;
		};
		DED7BC042A7364C1001EE439 /* Release */ = {
			isa = XCBuildConfiguration;
			buildSettings = {
				ALWAYS_EMBED_SWIFT_STANDARD_LIBRARIES = YES;
				CODE_SIGN_STYLE = Automatic;
				CURRENT_PROJECT_VERSION = 1;
				DEVELOPMENT_TEAM = 5MVGTUBM8B;
				GENERATE_INFOPLIST_FILE = YES;
				MARKETING_VERSION = 1.0;
				PRODUCT_BUNDLE_IDENTIFIER = santiago.randomUserUITests;
				PRODUCT_NAME = "$(TARGET_NAME)";
				SWIFT_EMIT_LOC_STRINGS = NO;
				SWIFT_VERSION = 5.0;
				TARGETED_DEVICE_FAMILY = "1,2";
				TEST_TARGET_NAME = randomUser;
			};
			name = Release;
		};
/* End XCBuildConfiguration section */

/* Begin XCConfigurationList section */
		DED7BBCD2A7364BE001EE439 /* Build configuration list for PBXProject "randomUser" */ = {
			isa = XCConfigurationList;
			buildConfigurations = (
				DED7BBFA2A7364C1001EE439 /* Debug */,
				DED7BBFB2A7364C1001EE439 /* Release */,
			);
			defaultConfigurationIsVisible = 0;
			defaultConfigurationName = Release;
		};
		DED7BBFC2A7364C1001EE439 /* Build configuration list for PBXNativeTarget "randomUser" */ = {
			isa = XCConfigurationList;
			buildConfigurations = (
				DED7BBFD2A7364C1001EE439 /* Debug */,
				DED7BBFE2A7364C1001EE439 /* Release */,
			);
			defaultConfigurationIsVisible = 0;
			defaultConfigurationName = Release;
		};
		DED7BBFF2A7364C1001EE439 /* Build configuration list for PBXNativeTarget "randomUserTests" */ = {
			isa = XCConfigurationList;
			buildConfigurations = (
				DED7BC002A7364C1001EE439 /* Debug */,
				DED7BC012A7364C1001EE439 /* Release */,
			);
			defaultConfigurationIsVisible = 0;
			defaultConfigurationName = Release;
		};
		DED7BC022A7364C1001EE439 /* Build configuration list for PBXNativeTarget "randomUserUITests" */ = {
			isa = XCConfigurationList;
			buildConfigurations = (
				DED7BC032A7364C1001EE439 /* Debug */,
				DED7BC042A7364C1001EE439 /* Release */,
			);
			defaultConfigurationIsVisible = 0;
			defaultConfigurationName = Release;
		};
/* End XCConfigurationList section */

/* Begin XCRemoteSwiftPackageReference section */
		DED7BC262A78546C001EE439 /* XCRemoteSwiftPackageReference "SDWebImage" */ = {
			isa = XCRemoteSwiftPackageReference;
			repositoryURL = "https://github.com/SDWebImage/SDWebImage";
			requirement = {
				kind = upToNextMajorVersion;
				minimumVersion = 5.0.0;
			};
		};
		DED7BC392A789509001EE439 /* XCRemoteSwiftPackageReference "RxSwift" */ = {
			isa = XCRemoteSwiftPackageReference;
			repositoryURL = "https://github.com/ReactiveX/RxSwift";
			requirement = {
				kind = upToNextMajorVersion;
				minimumVersion = 6.0.0;
			};
		};
/* End XCRemoteSwiftPackageReference section */

/* Begin XCSwiftPackageProductDependency section */
		DED7BC272A78546C001EE439 /* SDWebImage */ = {
			isa = XCSwiftPackageProductDependency;
			package = DED7BC262A78546C001EE439 /* XCRemoteSwiftPackageReference "SDWebImage" */;
			productName = SDWebImage;
		};
		DED7BC3A2A789509001EE439 /* RxCocoa */ = {
			isa = XCSwiftPackageProductDependency;
			package = DED7BC392A789509001EE439 /* XCRemoteSwiftPackageReference "RxSwift" */;
			productName = RxCocoa;
		};
		DED7BC3C2A789509001EE439 /* RxSwift */ = {
			isa = XCSwiftPackageProductDependency;
			package = DED7BC392A789509001EE439 /* XCRemoteSwiftPackageReference "RxSwift" */;
			productName = RxSwift;
		};
/* End XCSwiftPackageProductDependency section */
	};
	rootObject = DED7BBCA2A7364BE001EE439 /* Project object */;
}
